// !$*UTF8*$!
{
	archiveVersion = 1;
	classes = {
	};
	objectVersion = 48;
	objects = {

/* Begin PBXContainerItemProxy section */
		C6620E26204F56B8005104A2 /* PBXContainerItemProxy */ = {
			isa = PBXContainerItemProxy;
			containerPortal = C6620E1A204F56B8005104A2 /* SQLite.xcodeproj */;
			proxyType = 2;
			remoteGlobalIDString = EE247AD31C3F04ED00AE3E12;
			remoteInfo = "SQLite iOS";
		};
		C6620E28204F56B8005104A2 /* PBXContainerItemProxy */ = {
			isa = PBXContainerItemProxy;
			containerPortal = C6620E1A204F56B8005104A2 /* SQLite.xcodeproj */;
			proxyType = 2;
			remoteGlobalIDString = EE247ADD1C3F04ED00AE3E12;
			remoteInfo = "SQLiteTests iOS";
		};
		C6620E2A204F56B8005104A2 /* PBXContainerItemProxy */ = {
			isa = PBXContainerItemProxy;
			containerPortal = C6620E1A204F56B8005104A2 /* SQLite.xcodeproj */;
			proxyType = 2;
			remoteGlobalIDString = EE247B3C1C3F3ED000AE3E12;
			remoteInfo = "SQLite Mac";
		};
		C6620E2C204F56B8005104A2 /* PBXContainerItemProxy */ = {
			isa = PBXContainerItemProxy;
			containerPortal = C6620E1A204F56B8005104A2 /* SQLite.xcodeproj */;
			proxyType = 2;
			remoteGlobalIDString = EE247B451C3F3ED000AE3E12;
			remoteInfo = "SQLiteTests Mac";
		};
		C6620E2E204F56B8005104A2 /* PBXContainerItemProxy */ = {
			isa = PBXContainerItemProxy;
			containerPortal = C6620E1A204F56B8005104A2 /* SQLite.xcodeproj */;
			proxyType = 2;
			remoteGlobalIDString = 03A65E5A1C6BB0F50062603F;
			remoteInfo = "SQLite tvOS";
		};
		C6620E30204F56B8005104A2 /* PBXContainerItemProxy */ = {
			isa = PBXContainerItemProxy;
			containerPortal = C6620E1A204F56B8005104A2 /* SQLite.xcodeproj */;
			proxyType = 2;
			remoteGlobalIDString = 03A65E631C6BB0F60062603F;
			remoteInfo = "SQLiteTests tvOS";
		};
		C6620E32204F56B8005104A2 /* PBXContainerItemProxy */ = {
			isa = PBXContainerItemProxy;
			containerPortal = C6620E1A204F56B8005104A2 /* SQLite.xcodeproj */;
			proxyType = 2;
			remoteGlobalIDString = A121AC451CA35C79005A31D1;
			remoteInfo = "SQLite watchOS";
		};
/* End PBXContainerItemProxy section */

/* Begin PBXFileReference section */
		C6620E06204F56B8005104A2 /* .cocoadocs.yml */ = {isa = PBXFileReference; lastKnownFileType = text; path = .cocoadocs.yml; sourceTree = "<group>"; };
		C6620E07204F56B8005104A2 /* .github */ = {isa = PBXFileReference; lastKnownFileType = folder; path = .github; sourceTree = "<group>"; };
		C6620E08204F56B8005104A2 /* .gitignore */ = {isa = PBXFileReference; lastKnownFileType = text; path = .gitignore; sourceTree = "<group>"; };
		C6620E09204F56B8005104A2 /* .gitmodules */ = {isa = PBXFileReference; lastKnownFileType = text; path = .gitmodules; sourceTree = "<group>"; };
		C6620E0A204F56B8005104A2 /* .swift-version */ = {isa = PBXFileReference; lastKnownFileType = text; path = ".swift-version"; sourceTree = "<group>"; };
		C6620E0B204F56B8005104A2 /* .travis.yml */ = {isa = PBXFileReference; lastKnownFileType = text; path = .travis.yml; sourceTree = "<group>"; };
		C6620E0C204F56B8005104A2 /* CHANGELOG.md */ = {isa = PBXFileReference; lastKnownFileType = net.daringfireball.markdown; path = CHANGELOG.md; sourceTree = "<group>"; };
		C6620E0D204F56B8005104A2 /* CONTRIBUTING.md */ = {isa = PBXFileReference; lastKnownFileType = net.daringfireball.markdown; path = CONTRIBUTING.md; sourceTree = "<group>"; };
		C6620E0E204F56B8005104A2 /* Documentation */ = {isa = PBXFileReference; lastKnownFileType = folder; path = Documentation; sourceTree = "<group>"; };
		C6620E0F204F56B8005104A2 /* LICENSE.txt */ = {isa = PBXFileReference; lastKnownFileType = text; path = LICENSE.txt; sourceTree = "<group>"; };
		C6620E10204F56B8005104A2 /* Makefile */ = {isa = PBXFileReference; lastKnownFileType = sourcecode.make; path = Makefile; sourceTree = "<group>"; };
		C6620E11204F56B8005104A2 /* Package.swift */ = {isa = PBXFileReference; lastKnownFileType = sourcecode.swift; path = Package.swift; sourceTree = "<group>"; };
		C6620E12204F56B8005104A2 /* README.md */ = {isa = PBXFileReference; lastKnownFileType = net.daringfireball.markdown; path = README.md; sourceTree = "<group>"; };
		C6620E13204F56B8005104A2 /* run-tests.sh */ = {isa = PBXFileReference; lastKnownFileType = text.script.sh; path = "run-tests.sh"; sourceTree = "<group>"; };
		C6620E14204F56B8005104A2 /* Sources */ = {isa = PBXFileReference; lastKnownFileType = folder; path = Sources; sourceTree = "<group>"; };
		C6620E15204F56B8005104A2 /* SQLite.playground */ = {isa = PBXFileReference; lastKnownFileType = file.playground; path = SQLite.playground; sourceTree = "<group>"; };
		C6620E16204F56B8005104A2 /* SQLite.swift-master.xcodeproj */ = {isa = PBXFileReference; lastKnownFileType = "wrapper.pb-project"; path = "SQLite.swift-master.xcodeproj"; sourceTree = "<group>"; };
		C6620E19204F56B8005104A2 /* SQLite.swift.podspec */ = {isa = PBXFileReference; lastKnownFileType = text; path = SQLite.swift.podspec; sourceTree = "<group>"; };
		C6620E1A204F56B8005104A2 /* SQLite.xcodeproj */ = {isa = PBXFileReference; lastKnownFileType = "wrapper.pb-project"; path = SQLite.xcodeproj; sourceTree = "<group>"; };
		C6620E1D204F56B8005104A2 /* Tests */ = {isa = PBXFileReference; lastKnownFileType = folder; path = Tests; sourceTree = "<group>"; };
/* End PBXFileReference section */

/* Begin PBXGroup section */
		C6620E00204F56B8005104A2 = {
			isa = PBXGroup;
			children = (
				C6620E06204F56B8005104A2 /* .cocoadocs.yml */,
				C6620E07204F56B8005104A2 /* .github */,
				C6620E08204F56B8005104A2 /* .gitignore */,
				C6620E09204F56B8005104A2 /* .gitmodules */,
				C6620E0A204F56B8005104A2 /* .swift-version */,
				C6620E0B204F56B8005104A2 /* .travis.yml */,
				C6620E0C204F56B8005104A2 /* CHANGELOG.md */,
				C6620E0D204F56B8005104A2 /* CONTRIBUTING.md */,
				C6620E0E204F56B8005104A2 /* Documentation */,
				C6620E0F204F56B8005104A2 /* LICENSE.txt */,
				C6620E10204F56B8005104A2 /* Makefile */,
				C6620E11204F56B8005104A2 /* Package.swift */,
				C6620E12204F56B8005104A2 /* README.md */,
				C6620E13204F56B8005104A2 /* run-tests.sh */,
				C6620E14204F56B8005104A2 /* Sources */,
				C6620E15204F56B8005104A2 /* SQLite.playground */,
				C6620E16204F56B8005104A2 /* SQLite.swift-master.xcodeproj */,
				C6620E19204F56B8005104A2 /* SQLite.swift.podspec */,
				C6620E1A204F56B8005104A2 /* SQLite.xcodeproj */,
				C6620E1D204F56B8005104A2 /* Tests */,
			);
			sourceTree = "<group>";
		};
		C6620E17204F56B8005104A2 /* Products */ = {
			isa = PBXGroup;
			children = (
			);
			name = Products;
			sourceTree = "<group>";
		};
		C6620E1B204F56B8005104A2 /* Products */ = {
			isa = PBXGroup;
			children = (
				C6620E27204F56B8005104A2 /* SQLite.framework */,
				C6620E29204F56B8005104A2 /* SQLiteTests iOS.xctest */,
				C6620E2B204F56B8005104A2 /* SQLite.framework */,
				C6620E2D204F56B8005104A2 /* SQLiteTests Mac.xctest */,
				C6620E2F204F56B8005104A2 /* SQLite.framework */,
				C6620E31204F56B8005104A2 /* SQLiteTests tvOS.xctest */,
				C6620E33204F56B8005104A2 /* SQLite.framework */,
			);
			name = Products;
			sourceTree = "<group>";
		};
/* End PBXGroup section */

/* Begin PBXLegacyTarget section */
		C6620E05204F56B8005104A2 /* SQLite.swift-master */ = {
			isa = PBXLegacyTarget;
			buildArgumentsString = "$(ACTION)";
			buildConfigurationList = C6620E34204F56B8005104A2 /* Build configuration list for PBXLegacyTarget "SQLite.swift-master" */;
			buildPhases = (
			);
			buildToolPath = /usr/bin/make;
			buildWorkingDirectory = "/Users/adin/Desktop/SQLite.swift-master";
			dependencies = (
			);
			name = "SQLite.swift-master";
			passBuildSettingsInEnvironment = 1;
			productName = "SQLite.swift-master";
		};
/* End PBXLegacyTarget section */

/* Begin PBXProject section */
		C6620E01204F56B8005104A2 /* Project object */ = {
			isa = PBXProject;
			attributes = {
			};
			buildConfigurationList = C6620E04204F56B8005104A2 /* Build configuration list for PBXProject "SQLite.swift-master 2" */;
			compatibilityVersion = "Xcode 8.0";
			developmentRegion = en;
			hasScannedForEncodings = 0;
			knownRegions = (
				en,
			);
			mainGroup = C6620E00204F56B8005104A2;
			projectDirPath = "";
			projectReferences = (
				{
					ProductGroup = C6620E17204F56B8005104A2 /* Products */;
					ProjectRef = C6620E16204F56B8005104A2 /* SQLite.swift-master.xcodeproj */;
				},
				{
					ProductGroup = C6620E1B204F56B8005104A2 /* Products */;
					ProjectRef = C6620E1A204F56B8005104A2 /* SQLite.xcodeproj */;
				},
			);
			projectRoot = "";
			targets = (
				C6620E05204F56B8005104A2 /* SQLite.swift-master */,
			);
		};
/* End PBXProject section */

/* Begin PBXReferenceProxy section */
		C6620E27204F56B8005104A2 /* SQLite.framework */ = {
			isa = PBXReferenceProxy;
			fileType = wrapper.framework;
			path = SQLite.framework;
			remoteRef = C6620E26204F56B8005104A2 /* PBXContainerItemProxy */;
			sourceTree = BUILT_PRODUCTS_DIR;
		};
		C6620E29204F56B8005104A2 /* SQLiteTests iOS.xctest */ = {
			isa = PBXReferenceProxy;
			fileType = wrapper.cfbundle;
			path = "SQLiteTests iOS.xctest";
			remoteRef = C6620E28204F56B8005104A2 /* PBXContainerItemProxy */;
			sourceTree = BUILT_PRODUCTS_DIR;
		};
		C6620E2B204F56B8005104A2 /* SQLite.framework */ = {
			isa = PBXReferenceProxy;
			fileType = wrapper.framework;
			path = SQLite.framework;
			remoteRef = C6620E2A204F56B8005104A2 /* PBXContainerItemProxy */;
			sourceTree = BUILT_PRODUCTS_DIR;
		};
		C6620E2D204F56B8005104A2 /* SQLiteTests Mac.xctest */ = {
			isa = PBXReferenceProxy;
			fileType = wrapper.cfbundle;
			path = "SQLiteTests Mac.xctest";
			remoteRef = C6620E2C204F56B8005104A2 /* PBXContainerItemProxy */;
			sourceTree = BUILT_PRODUCTS_DIR;
		};
		C6620E2F204F56B8005104A2 /* SQLite.framework */ = {
			isa = PBXReferenceProxy;
			fileType = wrapper.framework;
			path = SQLite.framework;
			remoteRef = C6620E2E204F56B8005104A2 /* PBXContainerItemProxy */;
			sourceTree = BUILT_PRODUCTS_DIR;
		};
		C6620E31204F56B8005104A2 /* SQLiteTests tvOS.xctest */ = {
			isa = PBXReferenceProxy;
			fileType = wrapper.cfbundle;
			path = "SQLiteTests tvOS.xctest";
			remoteRef = C6620E30204F56B8005104A2 /* PBXContainerItemProxy */;
			sourceTree = BUILT_PRODUCTS_DIR;
		};
		C6620E33204F56B8005104A2 /* SQLite.framework */ = {
			isa = PBXReferenceProxy;
			fileType = wrapper.framework;
			path = SQLite.framework;
			remoteRef = C6620E32204F56B8005104A2 /* PBXContainerItemProxy */;
			sourceTree = BUILT_PRODUCTS_DIR;
		};
/* End PBXReferenceProxy section */

/* Begin XCBuildConfiguration section */
		C6620E02204F56B8005104A2 /* Debug */ = {
			isa = XCBuildConfiguration;
			buildSettings = {
				ARCHS = "$(ARCHS_STANDARD_32_BIT)";
				COPY_PHASE_STRIP = NO;
				GCC_WARN_ABOUT_RETURN_TYPE = YES;
				GCC_WARN_UNUSED_VARIABLE = YES;
				ONLY_ACTIVE_ARCH = YES;
				SDKROOT = macosx10.6;
			};
			name = Debug;
		};
		C6620E03204F56B8005104A2 /* Release */ = {
			isa = XCBuildConfiguration;
			buildSettings = {
				ARCHS = "$(ARCHS_STANDARD_32_BIT)";
				COPY_PHASE_STRIP = YES;
				GCC_WARN_ABOUT_RETURN_TYPE = YES;
				GCC_WARN_UNUSED_VARIABLE = YES;
				SDKROOT = macosx10.6;
			};
			name = Release;
		};
		C6620E35204F56B8005104A2 /* Debug */ = {
			isa = XCBuildConfiguration;
			buildSettings = {
				COPY_PHASE_STRIP = NO;
				DEBUGGING_SYMBOLS = YES;
				GCC_DYNAMIC_NO_PIC = NO;
				GCC_ENABLE_FIX_AND_CONTINUE = YES;
				GCC_GENERATE_DEBUGGING_SYMBOLS = YES;
				GCC_OPTIMIZATION_LEVEL = 0;
				OTHER_CFLAGS = "";
				OTHER_LDFLAGS = "";
				PRODUCT_NAME = "SQLite.swift-master";
			};
			name = Debug;
		};
		C6620E36204F56B8005104A2 /* Release */ = {
			isa = XCBuildConfiguration;
			buildSettings = {
				COPY_PHASE_STRIP = YES;
				DEBUG_INFORMATION_FORMAT = "dwarf-with-dsym";
				GCC_ENABLE_FIX_AND_CONTINUE = NO;
				OTHER_CFLAGS = "";
				OTHER_LDFLAGS = "";
				PRODUCT_NAME = "SQLite.swift-master";
			};
			name = Release;
		};
/* End XCBuildConfiguration section */

/* Begin XCConfigurationList section */
		C6620E04204F56B8005104A2 /* Build configuration list for PBXProject "SQLite.swift-master 2" */ = {
			isa = XCConfigurationList;
			buildConfigurations = (
				C6620E02204F56B8005104A2 /* Debug */,
				C6620E03204F56B8005104A2 /* Release */,
			);
			defaultConfigurationIsVisible = 0;
			defaultConfigurationName = Release;
		};
		C6620E34204F56B8005104A2 /* Build configuration list for PBXLegacyTarget "SQLite.swift-master" */ = {
			isa = XCConfigurationList;
			buildConfigurations = (
				C6620E35204F56B8005104A2 /* Debug */,
				C6620E36204F56B8005104A2 /* Release */,
			);
			defaultConfigurationIsVisible = 0;
			defaultConfigurationName = Release;
		};
/* End XCConfigurationList section */
	};
	rootObject = C6620E01204F56B8005104A2 /* Project object */;
}
